<?xml version="1.0" encoding="UTF-8" standalone="yes" ?>
<CodeBlocks_project_file>
   <FileVersion major="1" minor="6" />
   <Project>
      <Option title="computeFeatures" />
      <Option makefile_is_custom="1" />
      <Option compiler="gcc" />
      <Option virtualFolders="CMake Files\;CMake Files\..\;CMake Files\..\..\;CMake Files\..\..\..\;CMake Files\..\..\..\..\;CMake Files\..\..\..\..\..\;CMake Files\..\..\..\..\..\usr\;CMake Files\..\..\..\..\..\usr\lib\;CMake Files\..\..\..\..\..\usr\lib\cmake\;CMake Files\..\..\..\..\..\usr\lib\cmake\ITK-4.5\;CMake Files\..\..\..\..\..\usr\lib\cmake\ITK-4.5\Modules\;CMake Files\..\..\..\..\..\usr\lib\vtk-5.10\;" />
      <Build>
      <Target title="all">
         <Option working_dir="/space/tao/C/shenbo/normalization" />
         <Option type="4" />
         <MakeCommands>
            <Build command="/usr/bin/make -f &quot;/space/tao/C/shenbo/normalization/Makefile&quot;  VERBOSE=1 all" />
            <CompileFile command="/usr/bin/make -f &quot;/space/tao/C/shenbo/normalization/Makefile&quot;  VERBOSE=1 &quot;$file&quot;" />
            <Clean command="/usr/bin/make -f &quot;/space/tao/C/shenbo/normalization/Makefile&quot;  VERBOSE=1 clean" />
            <DistClean command="/usr/bin/make -f &quot;/space/tao/C/shenbo/normalization/Makefile&quot;  VERBOSE=1 clean" />
         </MakeCommands>
      </Target>
      <Target title="edit_cache">
         <Option working_dir="/space/tao/C/shenbo/normalization" />
         <Option type="4" />
         <MakeCommands>
            <Build command="/usr/bin/make -f &quot;/space/tao/C/shenbo/normalization/Makefile&quot;  VERBOSE=1 edit_cache" />
            <CompileFile command="/usr/bin/make -f &quot;/space/tao/C/shenbo/normalization/Makefile&quot;  VERBOSE=1 &quot;$file&quot;" />
            <Clean command="/usr/bin/make -f &quot;/space/tao/C/shenbo/normalization/Makefile&quot;  VERBOSE=1 clean" />
            <DistClean command="/usr/bin/make -f &quot;/space/tao/C/shenbo/normalization/Makefile&quot;  VERBOSE=1 clean" />
         </MakeCommands>
      </Target>
      <Target title="normalization">
         <Option output="/space/tao/C/shenbo/normalization/normalization" prefix_auto="0" extension_auto="0" />
         <Option working_dir="/space/tao/C/shenbo/normalization" />
         <Option object_output="./" />
         <Option type="1" />
         <Option compiler="gcc" />
         <Compiler>
            <Add option="-DITK_IO_FACTORY_REGISTER_MANAGER" />
            <Add option="-DNDEBUG" />
            <Add directory="/space/tao/C/shenbo/normalization" />
            <Add directory="/space/tao/C/shenbo/normalization/ITKIOFactoryRegistration" />
            <Add directory="/usr/include/ITK-4.5" />
            <Add directory="/usr/include/dcmtk" />
            <Add directory="/usr/include/dcmtk/config" />
            <Add directory="/usr/include/dcmtk/dcmdata" />
            <Add directory="/usr/include/dcmtk/dcmimage" />
            <Add directory="/usr/include/dcmtk/dcmimgle" />
            <Add directory="/usr/include/dcmtk/dcmjpeg" />
            <Add directory="/usr/include/dcmtk/dcmjpls" />
            <Add directory="/usr/include/dcmtk/dcmnet" />
            <Add directory="/usr/include/dcmtk/dcmpstat" />
            <Add directory="/usr/include/dcmtk/dcmqrdb" />
            <Add directory="/usr/include/dcmtk/dcmsign" />
            <Add directory="/usr/include/dcmtk/dcmsr" />
            <Add directory="/usr/include/dcmtk/dcmtls" />
            <Add directory="/usr/include/dcmtk/oflog" />
            <Add directory="/usr/include/dcmtk/ofstd" />
            <Add directory="/usr/include/gdcm-2.2" />
            <Add directory="/usr/include/vtk-5.10" />
            <Add directory="/usr/include/x86_64-linux-gnu" />
         </Compiler>
         <MakeCommands>
            <Build command="/usr/bin/make -f &quot;/space/tao/C/shenbo/normalization/Makefile&quot;  VERBOSE=1 normalization" />
            <CompileFile command="/usr/bin/make -f &quot;/space/tao/C/shenbo/normalization/Makefile&quot;  VERBOSE=1 &quot;$file&quot;" />
            <Clean command="/usr/bin/make -f &quot;/space/tao/C/shenbo/normalization/Makefile&quot;  VERBOSE=1 clean" />
            <DistClean command="/usr/bin/make -f &quot;/space/tao/C/shenbo/normalization/Makefile&quot;  VERBOSE=1 clean" />
         </MakeCommands>
      </Target>
      <Target title="normalization/fast">
         <Option output="/space/tao/C/shenbo/normalization/normalization" prefix_auto="0" extension_auto="0" />
         <Option working_dir="/space/tao/C/shenbo/normalization" />
         <Option object_output="./" />
         <Option type="1" />
         <Option compiler="gcc" />
         <Compiler>
            <Add option="-DITK_IO_FACTORY_REGISTER_MANAGER" />
            <Add option="-DNDEBUG" />
            <Add directory="/space/tao/C/shenbo/normalization" />
            <Add directory="/space/tao/C/shenbo/normalization/ITKIOFactoryRegistration" />
            <Add directory="/usr/include/ITK-4.5" />
            <Add directory="/usr/include/dcmtk" />
            <Add directory="/usr/include/dcmtk/config" />
            <Add directory="/usr/include/dcmtk/dcmdata" />
            <Add directory="/usr/include/dcmtk/dcmimage" />
            <Add directory="/usr/include/dcmtk/dcmimgle" />
            <Add directory="/usr/include/dcmtk/dcmjpeg" />
            <Add directory="/usr/include/dcmtk/dcmjpls" />
            <Add directory="/usr/include/dcmtk/dcmnet" />
            <Add directory="/usr/include/dcmtk/dcmpstat" />
            <Add directory="/usr/include/dcmtk/dcmqrdb" />
            <Add directory="/usr/include/dcmtk/dcmsign" />
            <Add directory="/usr/include/dcmtk/dcmsr" />
            <Add directory="/usr/include/dcmtk/dcmtls" />
            <Add directory="/usr/include/dcmtk/oflog" />
            <Add directory="/usr/include/dcmtk/ofstd" />
            <Add directory="/usr/include/gdcm-2.2" />
            <Add directory="/usr/include/vtk-5.10" />
            <Add directory="/usr/include/x86_64-linux-gnu" />
         </Compiler>
         <MakeCommands>
            <Build command="/usr/bin/make -f &quot;/space/tao/C/shenbo/normalization/Makefile&quot;  VERBOSE=1 normalization/fast" />
            <CompileFile command="/usr/bin/make -f &quot;/space/tao/C/shenbo/normalization/Makefile&quot;  VERBOSE=1 &quot;$file&quot;" />
            <Clean command="/usr/bin/make -f &quot;/space/tao/C/shenbo/normalization/Makefile&quot;  VERBOSE=1 clean" />
            <DistClean command="/usr/bin/make -f &quot;/space/tao/C/shenbo/normalization/Makefile&quot;  VERBOSE=1 clean" />
         </MakeCommands>
      </Target>
      <Target title="rebuild_cache">
         <Option working_dir="/space/tao/C/shenbo/normalization" />
         <Option type="4" />
         <MakeCommands>
            <Build command="/usr/bin/make -f &quot;/space/tao/C/shenbo/normalization/Makefile&quot;  VERBOSE=1 rebuild_cache" />
            <CompileFile command="/usr/bin/make -f &quot;/space/tao/C/shenbo/normalization/Makefile&quot;  VERBOSE=1 &quot;$file&quot;" />
            <Clean command="/usr/bin/make -f &quot;/space/tao/C/shenbo/normalization/Makefile&quot;  VERBOSE=1 clean" />
            <DistClean command="/usr/bin/make -f &quot;/space/tao/C/shenbo/normalization/Makefile&quot;  VERBOSE=1 clean" />
         </MakeCommands>
      </Target>
      </Build>
      <Unit filename="/space/tao/C/shenbo/normalization/normalization.cc">
      </Unit>
      <Unit filename="/space/tao/C/shenbo/normalization/normalization.h">
      </Unit>
      <Unit filename="/space/tao/C/shenbo/normalization/CMakeLists.txt">
          <Option virtualFolder="CMake Files\" />
      </Unit>
      <Unit filename="/space/tao/C/shenbo/normalization/../../../../../usr/lib/cmake/ITK-4.5/ITKConfigVersion.cmake">
          <Option virtualFolder="CMake Files\..\..\..\..\..\usr\lib\cmake\ITK-4.5\" />
      </Unit>
      <Unit filename="/space/tao/C/shenbo/normalization/../../../../../usr/lib/cmake/ITK-4.5/ITKConfig.cmake">
          <Option virtualFolder="CMake Files\..\..\..\..\..\usr\lib\cmake\ITK-4.5\" />
      </Unit>
      <Unit filename="/space/tao/C/shenbo/normalization/../../../../../usr/lib/cmake/ITK-4.5/ITKTargets.cmake">
          <Option virtualFolder="CMake Files\..\..\..\..\..\usr\lib\cmake\ITK-4.5\" />
      </Unit>
      <Unit filename="/space/tao/C/shenbo/normalization/../../../../../usr/lib/cmake/ITK-4.5/ITKTargets-none.cmake">
          <Option virtualFolder="CMake Files\..\..\..\..\..\usr\lib\cmake\ITK-4.5\" />
      </Unit>
      <Unit filename="/space/tao/C/shenbo/normalization/../../../../../usr/lib/cmake/ITK-4.5/ITKModuleAPI.cmake">
          <Option virtualFolder="CMake Files\..\..\..\..\..\usr\lib\cmake\ITK-4.5\" />
      </Unit>
      <Unit filename="/space/tao/C/shenbo/normalization/../../../../../usr/lib/cmake/ITK-4.5/UseITK.cmake">
          <Option virtualFolder="CMake Files\..\..\..\..\..\usr\lib\cmake\ITK-4.5\" />
      </Unit>
      <Unit filename="/space/tao/C/shenbo/normalization/../../../../../usr/lib/cmake/ITK-4.5/itkImageIOFactoryRegisterManager.h.in">
          <Option virtualFolder="CMake Files\..\..\..\..\..\usr\lib\cmake\ITK-4.5\" />
      </Unit>
      <Unit filename="/space/tao/C/shenbo/normalization/../../../../../usr/lib/cmake/ITK-4.5/itkTransformIOFactoryRegisterManager.h.in">
          <Option virtualFolder="CMake Files\..\..\..\..\..\usr\lib\cmake\ITK-4.5\" />
      </Unit>
      <Unit filename="/space/tao/C/shenbo/normalization/../../../../../usr/lib/cmake/ITK-4.5/Modules/ITKDoubleConversion.cmake">
          <Option virtualFolder="CMake Files\..\..\..\..\..\usr\lib\cmake\ITK-4.5\Modules\" />
      </Unit>
      <Unit filename="/space/tao/C/shenbo/normalization/../../../../../usr/lib/cmake/ITK-4.5/Modules/ITKKWSys.cmake">
          <Option virtualFolder="CMake Files\..\..\..\..\..\usr\lib\cmake\ITK-4.5\Modules\" />
      </Unit>
      <Unit filename="/space/tao/C/shenbo/normalization/../../../../../usr/lib/cmake/ITK-4.5/Modules/ITKVNL.cmake">
          <Option virtualFolder="CMake Files\..\..\..\..\..\usr\lib\cmake\ITK-4.5\Modules\" />
      </Unit>
      <Unit filename="/space/tao/C/shenbo/normalization/../../../../../usr/lib/cmake/ITK-4.5/Modules/ITKVNLInstantiation.cmake">
          <Option virtualFolder="CMake Files\..\..\..\..\..\usr\lib\cmake\ITK-4.5\Modules\" />
      </Unit>
      <Unit filename="/space/tao/C/shenbo/normalization/../../../../../usr/lib/cmake/ITK-4.5/Modules/ITKCommon.cmake">
          <Option virtualFolder="CMake Files\..\..\..\..\..\usr\lib\cmake\ITK-4.5\Modules\" />
      </Unit>
      <Unit filename="/space/tao/C/shenbo/normalization/../../../../../usr/lib/cmake/ITK-4.5/Modules/ITKFiniteDifference.cmake">
          <Option virtualFolder="CMake Files\..\..\..\..\..\usr\lib\cmake\ITK-4.5\Modules\" />
      </Unit>
      <Unit filename="/space/tao/C/shenbo/normalization/../../../../../usr/lib/cmake/ITK-4.5/Modules/ITKImageFilterBase.cmake">
          <Option virtualFolder="CMake Files\..\..\..\..\..\usr\lib\cmake\ITK-4.5\Modules\" />
      </Unit>
      <Unit filename="/space/tao/C/shenbo/normalization/../../../../../usr/lib/cmake/ITK-4.5/Modules/ITKCurvatureFlow.cmake">
          <Option virtualFolder="CMake Files\..\..\..\..\..\usr\lib\cmake\ITK-4.5\Modules\" />
      </Unit>
      <Unit filename="/space/tao/C/shenbo/normalization/../../../../../usr/lib/cmake/ITK-4.5/Modules/ITKImageAdaptors.cmake">
          <Option virtualFolder="CMake Files\..\..\..\..\..\usr\lib\cmake\ITK-4.5\Modules\" />
      </Unit>
      <Unit filename="/space/tao/C/shenbo/normalization/../../../../../usr/lib/cmake/ITK-4.5/Modules/ITKNetlib.cmake">
          <Option virtualFolder="CMake Files\..\..\..\..\..\usr\lib\cmake\ITK-4.5\Modules\" />
      </Unit>
      <Unit filename="/space/tao/C/shenbo/normalization/../../../../../usr/lib/cmake/ITK-4.5/Modules/ITKStatistics.cmake">
          <Option virtualFolder="CMake Files\..\..\..\..\..\usr\lib\cmake\ITK-4.5\Modules\" />
      </Unit>
      <Unit filename="/space/tao/C/shenbo/normalization/../../../../../usr/lib/cmake/ITK-4.5/Modules/ITKTransform.cmake">
          <Option virtualFolder="CMake Files\..\..\..\..\..\usr\lib\cmake\ITK-4.5\Modules\" />
      </Unit>
      <Unit filename="/space/tao/C/shenbo/normalization/../../../../../usr/lib/cmake/ITK-4.5/Modules/ITKImageFunction.cmake">
          <Option virtualFolder="CMake Files\..\..\..\..\..\usr\lib\cmake\ITK-4.5\Modules\" />
      </Unit>
      <Unit filename="/space/tao/C/shenbo/normalization/../../../../../usr/lib/cmake/ITK-4.5/Modules/ITKImageGrid.cmake">
          <Option virtualFolder="CMake Files\..\..\..\..\..\usr\lib\cmake\ITK-4.5\Modules\" />
      </Unit>
      <Unit filename="/space/tao/C/shenbo/normalization/../../../../../usr/lib/cmake/ITK-4.5/Modules/ITKAnisotropicSmoothing.cmake">
          <Option virtualFolder="CMake Files\..\..\..\..\..\usr\lib\cmake\ITK-4.5\Modules\" />
      </Unit>
      <Unit filename="/space/tao/C/shenbo/normalization/../../../../../usr/lib/cmake/ITK-4.5/Modules/ITKIOImageBase.cmake">
          <Option virtualFolder="CMake Files\..\..\..\..\..\usr\lib\cmake\ITK-4.5\Modules\" />
      </Unit>
      <Unit filename="/space/tao/C/shenbo/normalization/../../../../../usr/lib/cmake/ITK-4.5/Modules/ITKIOBMP.cmake">
          <Option virtualFolder="CMake Files\..\..\..\..\..\usr\lib\cmake\ITK-4.5\Modules\" />
      </Unit>
      <Unit filename="/space/tao/C/shenbo/normalization/../../../../../usr/lib/cmake/ITK-4.5/Modules/ITKIOBioRad.cmake">
          <Option virtualFolder="CMake Files\..\..\..\..\..\usr\lib\cmake\ITK-4.5\Modules\" />
      </Unit>
      <Unit filename="/space/tao/C/shenbo/normalization/../../../../../usr/lib/cmake/ITK-4.5/Modules/ITKGDCM.cmake">
          <Option virtualFolder="CMake Files\..\..\..\..\..\usr\lib\cmake\ITK-4.5\Modules\" />
      </Unit>
      <Unit filename="/space/tao/C/shenbo/normalization/../../../../../usr/lib/cmake/ITK-4.5/Modules/ITKIOGDCM.cmake">
          <Option virtualFolder="CMake Files\..\..\..\..\..\usr\lib\cmake\ITK-4.5\Modules\" />
      </Unit>
      <Unit filename="/space/tao/C/shenbo/normalization/../../../../../usr/lib/cmake/ITK-4.5/Modules/ITKZLIB.cmake">
          <Option virtualFolder="CMake Files\..\..\..\..\..\usr\lib\cmake\ITK-4.5\Modules\" />
      </Unit>
      <Unit filename="/space/tao/C/shenbo/normalization/../../../../../usr/lib/cmake/ITK-4.5/Modules/ITKIOGIPL.cmake">
          <Option virtualFolder="CMake Files\..\..\..\..\..\usr\lib\cmake\ITK-4.5\Modules\" />
      </Unit>
      <Unit filename="/space/tao/C/shenbo/normalization/../../../../../usr/lib/cmake/ITK-4.5/Modules/ITKJPEG.cmake">
          <Option virtualFolder="CMake Files\..\..\..\..\..\usr\lib\cmake\ITK-4.5\Modules\" />
      </Unit>
      <Unit filename="/space/tao/C/shenbo/normalization/../../../../../usr/lib/cmake/ITK-4.5/Modules/ITKIOJPEG.cmake">
          <Option virtualFolder="CMake Files\..\..\..\..\..\usr\lib\cmake\ITK-4.5\Modules\" />
      </Unit>
      <Unit filename="/space/tao/C/shenbo/normalization/../../../../../usr/lib/cmake/ITK-4.5/Modules/ITKTIFF.cmake">
          <Option virtualFolder="CMake Files\..\..\..\..\..\usr\lib\cmake\ITK-4.5\Modules\" />
      </Unit>
      <Unit filename="/space/tao/C/shenbo/normalization/../../../../../usr/lib/cmake/ITK-4.5/Modules/ITKIOTIFF.cmake">
          <Option virtualFolder="CMake Files\..\..\..\..\..\usr\lib\cmake\ITK-4.5\Modules\" />
      </Unit>
      <Unit filename="/space/tao/C/shenbo/normalization/../../../../../usr/lib/cmake/ITK-4.5/Modules/ITKIOLSM.cmake">
          <Option virtualFolder="CMake Files\..\..\..\..\..\usr\lib\cmake\ITK-4.5\Modules\" />
      </Unit>
      <Unit filename="/space/tao/C/shenbo/normalization/../../../../../usr/lib/cmake/ITK-4.5/Modules/ITKMetaIO.cmake">
          <Option virtualFolder="CMake Files\..\..\..\..\..\usr\lib\cmake\ITK-4.5\Modules\" />
      </Unit>
      <Unit filename="/space/tao/C/shenbo/normalization/../../../../../usr/lib/cmake/ITK-4.5/Modules/ITKIOMeta.cmake">
          <Option virtualFolder="CMake Files\..\..\..\..\..\usr\lib\cmake\ITK-4.5\Modules\" />
      </Unit>
      <Unit filename="/space/tao/C/shenbo/normalization/../../../../../usr/lib/cmake/ITK-4.5/Modules/ITKNIFTI.cmake">
          <Option virtualFolder="CMake Files\..\..\..\..\..\usr\lib\cmake\ITK-4.5\Modules\" />
      </Unit>
      <Unit filename="/space/tao/C/shenbo/normalization/../../../../../usr/lib/cmake/ITK-4.5/Modules/ITKIONIFTI.cmake">
          <Option virtualFolder="CMake Files\..\..\..\..\..\usr\lib\cmake\ITK-4.5\Modules\" />
      </Unit>
      <Unit filename="/space/tao/C/shenbo/normalization/../../../../../usr/lib/cmake/ITK-4.5/Modules/ITKNrrdIO.cmake">
          <Option virtualFolder="CMake Files\..\..\..\..\..\usr\lib\cmake\ITK-4.5\Modules\" />
      </Unit>
      <Unit filename="/space/tao/C/shenbo/normalization/../../../../../usr/lib/cmake/ITK-4.5/Modules/ITKIONRRD.cmake">
          <Option virtualFolder="CMake Files\..\..\..\..\..\usr\lib\cmake\ITK-4.5\Modules\" />
      </Unit>
      <Unit filename="/space/tao/C/shenbo/normalization/../../../../../usr/lib/cmake/ITK-4.5/Modules/ITKPNG.cmake">
          <Option virtualFolder="CMake Files\..\..\..\..\..\usr\lib\cmake\ITK-4.5\Modules\" />
      </Unit>
      <Unit filename="/space/tao/C/shenbo/normalization/../../../../../usr/lib/cmake/ITK-4.5/Modules/ITKIOPNG.cmake">
          <Option virtualFolder="CMake Files\..\..\..\..\..\usr\lib\cmake\ITK-4.5\Modules\" />
      </Unit>
      <Unit filename="/space/tao/C/shenbo/normalization/../../../../../usr/lib/cmake/ITK-4.5/Modules/ITKIOStimulate.cmake">
          <Option virtualFolder="CMake Files\..\..\..\..\..\usr\lib\cmake\ITK-4.5\Modules\" />
      </Unit>
      <Unit filename="/space/tao/C/shenbo/normalization/../../../../../usr/lib/cmake/ITK-4.5/Modules/ITKIOVTK.cmake">
          <Option virtualFolder="CMake Files\..\..\..\..\..\usr\lib\cmake\ITK-4.5\Modules\" />
      </Unit>
      <Unit filename="/space/tao/C/shenbo/normalization/../../../../../usr/lib/cmake/ITK-4.5/Modules/ITKTestKernel.cmake">
          <Option virtualFolder="CMake Files\..\..\..\..\..\usr\lib\cmake\ITK-4.5\Modules\" />
      </Unit>
      <Unit filename="/space/tao/C/shenbo/normalization/../../../../../usr/lib/cmake/ITK-4.5/Modules/ITKImageCompose.cmake">
          <Option virtualFolder="CMake Files\..\..\..\..\..\usr\lib\cmake\ITK-4.5\Modules\" />
      </Unit>
      <Unit filename="/space/tao/C/shenbo/normalization/../../../../../usr/lib/cmake/ITK-4.5/Modules/ITKMesh.cmake">
          <Option virtualFolder="CMake Files\..\..\..\..\..\usr\lib\cmake\ITK-4.5\Modules\" />
      </Unit>
      <Unit filename="/space/tao/C/shenbo/normalization/../../../../../usr/lib/cmake/ITK-4.5/Modules/ITKSpatialObjects.cmake">
          <Option virtualFolder="CMake Files\..\..\..\..\..\usr\lib\cmake\ITK-4.5\Modules\" />
      </Unit>
      <Unit filename="/space/tao/C/shenbo/normalization/../../../../../usr/lib/cmake/ITK-4.5/Modules/ITKImageStatistics.cmake">
          <Option virtualFolder="CMake Files\..\..\..\..\..\usr\lib\cmake\ITK-4.5\Modules\" />
      </Unit>
      <Unit filename="/space/tao/C/shenbo/normalization/../../../../../usr/lib/cmake/ITK-4.5/Modules/ITKPath.cmake">
          <Option virtualFolder="CMake Files\..\..\..\..\..\usr\lib\cmake\ITK-4.5\Modules\" />
      </Unit>
      <Unit filename="/space/tao/C/shenbo/normalization/../../../../../usr/lib/cmake/ITK-4.5/Modules/ITKImageIntensity.cmake">
          <Option virtualFolder="CMake Files\..\..\..\..\..\usr\lib\cmake\ITK-4.5\Modules\" />
      </Unit>
      <Unit filename="/space/tao/C/shenbo/normalization/../../../../../usr/lib/cmake/ITK-4.5/Modules/ITKImageLabel.cmake">
          <Option virtualFolder="CMake Files\..\..\..\..\..\usr\lib\cmake\ITK-4.5\Modules\" />
      </Unit>
      <Unit filename="/space/tao/C/shenbo/normalization/../../../../../usr/lib/cmake/ITK-4.5/Modules/ITKThresholding.cmake">
          <Option virtualFolder="CMake Files\..\..\..\..\..\usr\lib\cmake\ITK-4.5\Modules\" />
      </Unit>
      <Unit filename="/space/tao/C/shenbo/normalization/../../../../../usr/lib/cmake/ITK-4.5/Modules/ITKConnectedComponents.cmake">
          <Option virtualFolder="CMake Files\..\..\..\..\..\usr\lib\cmake\ITK-4.5\Modules\" />
      </Unit>
      <Unit filename="/space/tao/C/shenbo/normalization/../../../../../usr/lib/cmake/ITK-4.5/Modules/ITKMathematicalMorphology.cmake">
          <Option virtualFolder="CMake Files\..\..\..\..\..\usr\lib\cmake\ITK-4.5\Modules\" />
      </Unit>
      <Unit filename="/space/tao/C/shenbo/normalization/../../../../../usr/lib/cmake/ITK-4.5/Modules/ITKLabelMap.cmake">
          <Option virtualFolder="CMake Files\..\..\..\..\..\usr\lib\cmake\ITK-4.5\Modules\" />
      </Unit>
      <Unit filename="/space/tao/C/shenbo/normalization/../../../../../usr/lib/cmake/ITK-4.5/Modules/ITKBinaryMathematicalMorphology.cmake">
          <Option virtualFolder="CMake Files\..\..\..\..\..\usr\lib\cmake\ITK-4.5\Modules\" />
      </Unit>
      <Unit filename="/space/tao/C/shenbo/normalization/../../../../../usr/lib/cmake/ITK-4.5/Modules/ITKNarrowBand.cmake">
          <Option virtualFolder="CMake Files\..\..\..\..\..\usr\lib\cmake\ITK-4.5\Modules\" />
      </Unit>
      <Unit filename="/space/tao/C/shenbo/normalization/../../../../../usr/lib/cmake/ITK-4.5/Modules/ITKDistanceMap.cmake">
          <Option virtualFolder="CMake Files\..\..\..\..\..\usr\lib\cmake\ITK-4.5\Modules\" />
      </Unit>
      <Unit filename="/space/tao/C/shenbo/normalization/../../../../../usr/lib/cmake/ITK-4.5/Modules/ITKQuadEdgeMesh.cmake">
          <Option virtualFolder="CMake Files\..\..\..\..\..\usr\lib\cmake\ITK-4.5\Modules\" />
      </Unit>
      <Unit filename="/space/tao/C/shenbo/normalization/../../../../../usr/lib/cmake/ITK-4.5/Modules/ITKFastMarching.cmake">
          <Option virtualFolder="CMake Files\..\..\..\..\..\usr\lib\cmake\ITK-4.5\Modules\" />
      </Unit>
      <Unit filename="/space/tao/C/shenbo/normalization/../../../../../usr/lib/cmake/ITK-4.5/Modules/ITKImageCompare.cmake">
          <Option virtualFolder="CMake Files\..\..\..\..\..\usr\lib\cmake\ITK-4.5\Modules\" />
      </Unit>
      <Unit filename="/space/tao/C/shenbo/normalization/../../../../../usr/lib/cmake/ITK-4.5/Modules/ITKSmoothing.cmake">
          <Option virtualFolder="CMake Files\..\..\..\..\..\usr\lib\cmake\ITK-4.5\Modules\" />
      </Unit>
      <Unit filename="/space/tao/C/shenbo/normalization/../../../../../usr/lib/cmake/ITK-4.5/Modules/ITKImageGradient.cmake">
          <Option virtualFolder="CMake Files\..\..\..\..\..\usr\lib\cmake\ITK-4.5\Modules\" />
      </Unit>
      <Unit filename="/space/tao/C/shenbo/normalization/../../../../../usr/lib/cmake/ITK-4.5/Modules/ITKImageSources.cmake">
          <Option virtualFolder="CMake Files\..\..\..\..\..\usr\lib\cmake\ITK-4.5\Modules\" />
      </Unit>
      <Unit filename="/space/tao/C/shenbo/normalization/../../../../../usr/lib/cmake/ITK-4.5/Modules/ITKImageFeature.cmake">
          <Option virtualFolder="CMake Files\..\..\..\..\..\usr\lib\cmake\ITK-4.5\Modules\" />
      </Unit>
      <Unit filename="/space/tao/C/shenbo/normalization/../../../../../usr/lib/cmake/ITK-4.5/Modules/ITKOptimizers.cmake">
          <Option virtualFolder="CMake Files\..\..\..\..\..\usr\lib\cmake\ITK-4.5\Modules\" />
      </Unit>
      <Unit filename="/space/tao/C/shenbo/normalization/../../../../../usr/lib/cmake/ITK-4.5/Modules/ITKSignedDistanceFunction.cmake">
          <Option virtualFolder="CMake Files\..\..\..\..\..\usr\lib\cmake\ITK-4.5\Modules\" />
      </Unit>
      <Unit filename="/space/tao/C/shenbo/normalization/../../../../../usr/lib/cmake/ITK-4.5/Modules/ITKLevelSets.cmake">
          <Option virtualFolder="CMake Files\..\..\..\..\..\usr\lib\cmake\ITK-4.5\Modules\" />
      </Unit>
      <Unit filename="/space/tao/C/shenbo/normalization/../../../../../usr/lib/cmake/ITK-4.5/Modules/ITKAntiAlias.cmake">
          <Option virtualFolder="CMake Files\..\..\..\..\..\usr\lib\cmake\ITK-4.5\Modules\" />
      </Unit>
      <Unit filename="/space/tao/C/shenbo/normalization/../../../../../usr/lib/cmake/ITK-4.5/Modules/ITKPolynomials.cmake">
          <Option virtualFolder="CMake Files\..\..\..\..\..\usr\lib\cmake\ITK-4.5\Modules\" />
      </Unit>
      <Unit filename="/space/tao/C/shenbo/normalization/../../../../../usr/lib/cmake/ITK-4.5/Modules/ITKBiasCorrection.cmake">
          <Option virtualFolder="CMake Files\..\..\..\..\..\usr\lib\cmake\ITK-4.5\Modules\" />
      </Unit>
      <Unit filename="/space/tao/C/shenbo/normalization/../../../../../usr/lib/cmake/ITK-4.5/Modules/ITKBioCell.cmake">
          <Option virtualFolder="CMake Files\..\..\..\..\..\usr\lib\cmake\ITK-4.5\Modules\" />
      </Unit>
      <Unit filename="/space/tao/C/shenbo/normalization/../../../../../usr/lib/cmake/ITK-4.5/Modules/ITKClassifiers.cmake">
          <Option virtualFolder="CMake Files\..\..\..\..\..\usr\lib\cmake\ITK-4.5\Modules\" />
      </Unit>
      <Unit filename="/space/tao/C/shenbo/normalization/../../../../../usr/lib/cmake/ITK-4.5/Modules/ITKColormap.cmake">
          <Option virtualFolder="CMake Files\..\..\..\..\..\usr\lib\cmake\ITK-4.5\Modules\" />
      </Unit>
      <Unit filename="/space/tao/C/shenbo/normalization/../../../../../usr/lib/cmake/ITK-4.5/Modules/ITKFFT.cmake">
          <Option virtualFolder="CMake Files\..\..\..\..\..\usr\lib\cmake\ITK-4.5\Modules\" />
      </Unit>
      <Unit filename="/space/tao/C/shenbo/normalization/../../../../../usr/lib/cmake/ITK-4.5/Modules/ITKConvolution.cmake">
          <Option virtualFolder="CMake Files\..\..\..\..\..\usr\lib\cmake\ITK-4.5\Modules\" />
      </Unit>
      <Unit filename="/space/tao/C/shenbo/normalization/../../../../../usr/lib/cmake/ITK-4.5/Modules/ITKDCMTK.cmake">
          <Option virtualFolder="CMake Files\..\..\..\..\..\usr\lib\cmake\ITK-4.5\Modules\" />
      </Unit>
      <Unit filename="/space/tao/C/shenbo/normalization/../../../../../usr/lib/cmake/ITK-4.5/Modules/ITKDICOMParser.cmake">
          <Option virtualFolder="CMake Files\..\..\..\..\..\usr\lib\cmake\ITK-4.5\Modules\" />
      </Unit>
      <Unit filename="/space/tao/C/shenbo/normalization/../../../../../usr/lib/cmake/ITK-4.5/Modules/ITKDeconvolution.cmake">
          <Option virtualFolder="CMake Files\..\..\..\..\..\usr\lib\cmake\ITK-4.5\Modules\" />
      </Unit>
      <Unit filename="/space/tao/C/shenbo/normalization/../../../../../usr/lib/cmake/ITK-4.5/Modules/ITKDeformableMesh.cmake">
          <Option virtualFolder="CMake Files\..\..\..\..\..\usr\lib\cmake\ITK-4.5\Modules\" />
      </Unit>
      <Unit filename="/space/tao/C/shenbo/normalization/../../../../../usr/lib/cmake/ITK-4.5/Modules/ITKDenoising.cmake">
          <Option virtualFolder="CMake Files\..\..\..\..\..\usr\lib\cmake\ITK-4.5\Modules\" />
      </Unit>
      <Unit filename="/space/tao/C/shenbo/normalization/../../../../../usr/lib/cmake/ITK-4.5/Modules/ITKDiffusionTensorImage.cmake">
          <Option virtualFolder="CMake Files\..\..\..\..\..\usr\lib\cmake\ITK-4.5\Modules\" />
      </Unit>
      <Unit filename="/space/tao/C/shenbo/normalization/../../../../../usr/lib/cmake/ITK-4.5/Modules/ITKDisplacementField.cmake">
          <Option virtualFolder="CMake Files\..\..\..\..\..\usr\lib\cmake\ITK-4.5\Modules\" />
      </Unit>
      <Unit filename="/space/tao/C/shenbo/normalization/../../../../../usr/lib/cmake/ITK-4.5/Modules/ITKEigen.cmake">
          <Option virtualFolder="CMake Files\..\..\..\..\..\usr\lib\cmake\ITK-4.5\Modules\" />
      </Unit>
      <Unit filename="/space/tao/C/shenbo/normalization/../../../../../usr/lib/cmake/ITK-4.5/Modules/ITKExpat.cmake">
          <Option virtualFolder="CMake Files\..\..\..\..\..\usr\lib\cmake\ITK-4.5\Modules\" />
      </Unit>
      <Unit filename="/space/tao/C/shenbo/normalization/../../../../../usr/lib/cmake/ITK-4.5/Modules/ITKIOXML.cmake">
          <Option virtualFolder="CMake Files\..\..\..\..\..\usr\lib\cmake\ITK-4.5\Modules\" />
      </Unit>
      <Unit filename="/space/tao/C/shenbo/normalization/../../../../../usr/lib/cmake/ITK-4.5/Modules/ITKIOSpatialObjects.cmake">
          <Option virtualFolder="CMake Files\..\..\..\..\..\usr\lib\cmake\ITK-4.5\Modules\" />
      </Unit>
      <Unit filename="/space/tao/C/shenbo/normalization/../../../../../usr/lib/cmake/ITK-4.5/Modules/ITKRegistrationCommon.cmake">
          <Option virtualFolder="CMake Files\..\..\..\..\..\usr\lib\cmake\ITK-4.5\Modules\" />
      </Unit>
      <Unit filename="/space/tao/C/shenbo/normalization/../../../../../usr/lib/cmake/ITK-4.5/Modules/ITKFEM.cmake">
          <Option virtualFolder="CMake Files\..\..\..\..\..\usr\lib\cmake\ITK-4.5\Modules\" />
      </Unit>
      <Unit filename="/space/tao/C/shenbo/normalization/../../../../../usr/lib/cmake/ITK-4.5/Modules/ITKPDEDeformableRegistration.cmake">
          <Option virtualFolder="CMake Files\..\..\..\..\..\usr\lib\cmake\ITK-4.5\Modules\" />
      </Unit>
      <Unit filename="/space/tao/C/shenbo/normalization/../../../../../usr/lib/cmake/ITK-4.5/Modules/ITKFEMRegistration.cmake">
          <Option virtualFolder="CMake Files\..\..\..\..\..\usr\lib\cmake\ITK-4.5\Modules\" />
      </Unit>
      <Unit filename="/space/tao/C/shenbo/normalization/../../../../../usr/lib/cmake/ITK-4.5/Modules/ITKGIFTI.cmake">
          <Option virtualFolder="CMake Files\..\..\..\..\..\usr\lib\cmake\ITK-4.5\Modules\" />
      </Unit>
      <Unit filename="/space/tao/C/shenbo/normalization/../../../../../usr/lib/cmake/ITK-4.5/Modules/ITKIOMesh.cmake">
          <Option virtualFolder="CMake Files\..\..\..\..\..\usr\lib\cmake\ITK-4.5\Modules\" />
      </Unit>
      <Unit filename="/space/tao/C/shenbo/normalization/../../../../../usr/lib/cmake/ITK-4.5/Modules/ITKGPUCommon.cmake">
          <Option virtualFolder="CMake Files\..\..\..\..\..\usr\lib\cmake\ITK-4.5\Modules\" />
      </Unit>
      <Unit filename="/space/tao/C/shenbo/normalization/../../../../../usr/lib/cmake/ITK-4.5/Modules/ITKGPUFiniteDifference.cmake">
          <Option virtualFolder="CMake Files\..\..\..\..\..\usr\lib\cmake\ITK-4.5\Modules\" />
      </Unit>
      <Unit filename="/space/tao/C/shenbo/normalization/../../../../../usr/lib/cmake/ITK-4.5/Modules/ITKGPUAnisotropicSmoothing.cmake">
          <Option virtualFolder="CMake Files\..\..\..\..\..\usr\lib\cmake\ITK-4.5\Modules\" />
      </Unit>
      <Unit filename="/space/tao/C/shenbo/normalization/../../../../../usr/lib/cmake/ITK-4.5/Modules/ITKGPUImageFilterBase.cmake">
          <Option virtualFolder="CMake Files\..\..\..\..\..\usr\lib\cmake\ITK-4.5\Modules\" />
      </Unit>
      <Unit filename="/space/tao/C/shenbo/normalization/../../../../../usr/lib/cmake/ITK-4.5/Modules/ITKGPURegistrationCommon.cmake">
          <Option virtualFolder="CMake Files\..\..\..\..\..\usr\lib\cmake\ITK-4.5\Modules\" />
      </Unit>
      <Unit filename="/space/tao/C/shenbo/normalization/../../../../../usr/lib/cmake/ITK-4.5/Modules/ITKGPUPDEDeformableRegistration.cmake">
          <Option virtualFolder="CMake Files\..\..\..\..\..\usr\lib\cmake\ITK-4.5\Modules\" />
      </Unit>
      <Unit filename="/space/tao/C/shenbo/normalization/../../../../../usr/lib/cmake/ITK-4.5/Modules/ITKGPUSmoothing.cmake">
          <Option virtualFolder="CMake Files\..\..\..\..\..\usr\lib\cmake\ITK-4.5\Modules\" />
      </Unit>
      <Unit filename="/space/tao/C/shenbo/normalization/../../../../../usr/lib/cmake/ITK-4.5/Modules/ITKGPUThresholding.cmake">
          <Option virtualFolder="CMake Files\..\..\..\..\..\usr\lib\cmake\ITK-4.5\Modules\" />
      </Unit>
      <Unit filename="/space/tao/C/shenbo/normalization/../../../../../usr/lib/cmake/ITK-4.5/Modules/ITKHDF5.cmake">
          <Option virtualFolder="CMake Files\..\..\..\..\..\usr\lib\cmake\ITK-4.5\Modules\" />
      </Unit>
      <Unit filename="/space/tao/C/shenbo/normalization/../../../../../usr/lib/cmake/ITK-4.5/Modules/ITKIOCSV.cmake">
          <Option virtualFolder="CMake Files\..\..\..\..\..\usr\lib\cmake\ITK-4.5\Modules\" />
      </Unit>
      <Unit filename="/space/tao/C/shenbo/normalization/../../../../../usr/lib/cmake/ITK-4.5/Modules/ITKIOIPL.cmake">
          <Option virtualFolder="CMake Files\..\..\..\..\..\usr\lib\cmake\ITK-4.5\Modules\" />
      </Unit>
      <Unit filename="/space/tao/C/shenbo/normalization/../../../../../usr/lib/cmake/ITK-4.5/Modules/ITKIOGE.cmake">
          <Option virtualFolder="CMake Files\..\..\..\..\..\usr\lib\cmake\ITK-4.5\Modules\" />
      </Unit>
      <Unit filename="/space/tao/C/shenbo/normalization/../../../../../usr/lib/cmake/ITK-4.5/Modules/ITKIOSiemens.cmake">
          <Option virtualFolder="CMake Files\..\..\..\..\..\usr\lib\cmake\ITK-4.5\Modules\" />
      </Unit>
      <Unit filename="/space/tao/C/shenbo/normalization/../../../../../usr/lib/cmake/ITK-4.5/Modules/ITKIOHDF5.cmake">
          <Option virtualFolder="CMake Files\..\..\..\..\..\usr\lib\cmake\ITK-4.5\Modules\" />
      </Unit>
      <Unit filename="/space/tao/C/shenbo/normalization/../../../../../usr/lib/cmake/ITK-4.5/Modules/ITKIOMRC.cmake">
          <Option virtualFolder="CMake Files\..\..\..\..\..\usr\lib\cmake\ITK-4.5\Modules\" />
      </Unit>
      <Unit filename="/space/tao/C/shenbo/normalization/../../../../../usr/lib/cmake/ITK-4.5/Modules/ITKIORAW.cmake">
          <Option virtualFolder="CMake Files\..\..\..\..\..\usr\lib\cmake\ITK-4.5\Modules\" />
      </Unit>
      <Unit filename="/space/tao/C/shenbo/normalization/../../../../../usr/lib/cmake/ITK-4.5/Modules/ITKIOTransformBase.cmake">
          <Option virtualFolder="CMake Files\..\..\..\..\..\usr\lib\cmake\ITK-4.5\Modules\" />
      </Unit>
      <Unit filename="/space/tao/C/shenbo/normalization/../../../../../usr/lib/cmake/ITK-4.5/Modules/ITKIOTransformHDF5.cmake">
          <Option virtualFolder="CMake Files\..\..\..\..\..\usr\lib\cmake\ITK-4.5\Modules\" />
      </Unit>
      <Unit filename="/space/tao/C/shenbo/normalization/../../../../../usr/lib/cmake/ITK-4.5/Modules/ITKIOTransformInsightLegacy.cmake">
          <Option virtualFolder="CMake Files\..\..\..\..\..\usr\lib\cmake\ITK-4.5\Modules\" />
      </Unit>
      <Unit filename="/space/tao/C/shenbo/normalization/../../../../../usr/lib/cmake/ITK-4.5/Modules/ITKIOTransformMatlab.cmake">
          <Option virtualFolder="CMake Files\..\..\..\..\..\usr\lib\cmake\ITK-4.5\Modules\" />
      </Unit>
      <Unit filename="/space/tao/C/shenbo/normalization/../../../../../usr/lib/cmake/ITK-4.5/Modules/ITKImageFusion.cmake">
          <Option virtualFolder="CMake Files\..\..\..\..\..\usr\lib\cmake\ITK-4.5\Modules\" />
      </Unit>
      <Unit filename="/space/tao/C/shenbo/normalization/../../../../../usr/lib/cmake/ITK-4.5/Modules/ITKIntegratedTest.cmake">
          <Option virtualFolder="CMake Files\..\..\..\..\..\usr\lib\cmake\ITK-4.5\Modules\" />
      </Unit>
      <Unit filename="/space/tao/C/shenbo/normalization/../../../../../usr/lib/cmake/ITK-4.5/Modules/ITKKLMRegionGrowing.cmake">
          <Option virtualFolder="CMake Files\..\..\..\..\..\usr\lib\cmake\ITK-4.5\Modules\" />
      </Unit>
      <Unit filename="/space/tao/C/shenbo/normalization/../../../../../usr/lib/cmake/ITK-4.5/Modules/ITKLabelVoting.cmake">
          <Option virtualFolder="CMake Files\..\..\..\..\..\usr\lib\cmake\ITK-4.5\Modules\" />
      </Unit>
      <Unit filename="/space/tao/C/shenbo/normalization/../../../../../usr/lib/cmake/ITK-4.5/Modules/ITKMarkovRandomFieldsClassifiers.cmake">
          <Option virtualFolder="CMake Files\..\..\..\..\..\usr\lib\cmake\ITK-4.5\Modules\" />
      </Unit>
      <Unit filename="/space/tao/C/shenbo/normalization/../../../../../usr/lib/cmake/ITK-4.5/Modules/ITKNeuralNetworks.cmake">
          <Option virtualFolder="CMake Files\..\..\..\..\..\usr\lib\cmake\ITK-4.5\Modules\" />
      </Unit>
      <Unit filename="/space/tao/C/shenbo/normalization/../../../../../usr/lib/cmake/ITK-4.5/Modules/ITKQuadEdgeMeshFiltering.cmake">
          <Option virtualFolder="CMake Files\..\..\..\..\..\usr\lib\cmake\ITK-4.5\Modules\" />
      </Unit>
      <Unit filename="/space/tao/C/shenbo/normalization/../../../../../usr/lib/cmake/ITK-4.5/Modules/ITKRegionGrowing.cmake">
          <Option virtualFolder="CMake Files\..\..\..\..\..\usr\lib\cmake\ITK-4.5\Modules\" />
      </Unit>
      <Unit filename="/space/tao/C/shenbo/normalization/../../../../../usr/lib/cmake/ITK-4.5/Modules/ITKSpatialFunction.cmake">
          <Option virtualFolder="CMake Files\..\..\..\..\..\usr\lib\cmake\ITK-4.5\Modules\" />
      </Unit>
      <Unit filename="/space/tao/C/shenbo/normalization/../../../../../usr/lib/cmake/ITK-4.5/Modules/ITKVTK.cmake">
          <Option virtualFolder="CMake Files\..\..\..\..\..\usr\lib\cmake\ITK-4.5\Modules\" />
      </Unit>
      <Unit filename="/space/tao/C/shenbo/normalization/../../../../../usr/lib/cmake/ITK-4.5/Modules/ITKVoronoi.cmake">
          <Option virtualFolder="CMake Files\..\..\..\..\..\usr\lib\cmake\ITK-4.5\Modules\" />
      </Unit>
      <Unit filename="/space/tao/C/shenbo/normalization/../../../../../usr/lib/cmake/ITK-4.5/Modules/ITKWatersheds.cmake">
          <Option virtualFolder="CMake Files\..\..\..\..\..\usr\lib\cmake\ITK-4.5\Modules\" />
      </Unit>
      <Unit filename="/space/tao/C/shenbo/normalization/../../../../../usr/lib/cmake/ITK-4.5/Modules/ITKLevelSetsv4.cmake">
          <Option virtualFolder="CMake Files\..\..\..\..\..\usr\lib\cmake\ITK-4.5\Modules\" />
      </Unit>
      <Unit filename="/space/tao/C/shenbo/normalization/../../../../../usr/lib/cmake/ITK-4.5/Modules/ITKOptimizersv4.cmake">
          <Option virtualFolder="CMake Files\..\..\..\..\..\usr\lib\cmake\ITK-4.5\Modules\" />
      </Unit>
      <Unit filename="/space/tao/C/shenbo/normalization/../../../../../usr/lib/cmake/ITK-4.5/Modules/ITKMetricsv4.cmake">
          <Option virtualFolder="CMake Files\..\..\..\..\..\usr\lib\cmake\ITK-4.5\Modules\" />
      </Unit>
      <Unit filename="/space/tao/C/shenbo/normalization/../../../../../usr/lib/cmake/ITK-4.5/Modules/ITKOpenJPEG.cmake">
          <Option virtualFolder="CMake Files\..\..\..\..\..\usr\lib\cmake\ITK-4.5\Modules\" />
      </Unit>
      <Unit filename="/space/tao/C/shenbo/normalization/../../../../../usr/lib/cmake/ITK-4.5/Modules/ITKRegistrationMethodsv4.cmake">
          <Option virtualFolder="CMake Files\..\..\..\..\..\usr\lib\cmake\ITK-4.5\Modules\" />
      </Unit>
      <Unit filename="/space/tao/C/shenbo/normalization/../../../../../usr/lib/cmake/ITK-4.5/Modules/ITKReview.cmake">
          <Option virtualFolder="CMake Files\..\..\..\..\..\usr\lib\cmake\ITK-4.5\Modules\" />
      </Unit>
      <Unit filename="/space/tao/C/shenbo/normalization/../../../../../usr/lib/cmake/ITK-4.5/Modules/ITKVideoCore.cmake">
          <Option virtualFolder="CMake Files\..\..\..\..\..\usr\lib\cmake\ITK-4.5\Modules\" />
      </Unit>
      <Unit filename="/space/tao/C/shenbo/normalization/../../../../../usr/lib/cmake/ITK-4.5/Modules/ITKVideoIO.cmake">
          <Option virtualFolder="CMake Files\..\..\..\..\..\usr\lib\cmake\ITK-4.5\Modules\" />
      </Unit>
      <Unit filename="/space/tao/C/shenbo/normalization/../../../../../usr/lib/cmake/ITK-4.5/Modules/ITKVideoFiltering.cmake">
          <Option virtualFolder="CMake Files\..\..\..\..\..\usr\lib\cmake\ITK-4.5\Modules\" />
      </Unit>
      <Unit filename="/space/tao/C/shenbo/normalization/../../../../../usr/lib/cmake/ITK-4.5/Modules/ITKVtkGlue.cmake">
          <Option virtualFolder="CMake Files\..\..\..\..\..\usr\lib\cmake\ITK-4.5\Modules\" />
      </Unit>
      <Unit filename="/space/tao/C/shenbo/normalization/../../../../../usr/lib/vtk-5.10/VTKConfigVersion.cmake">
          <Option virtualFolder="CMake Files\..\..\..\..\..\usr\lib\vtk-5.10\" />
      </Unit>
      <Unit filename="/space/tao/C/shenbo/normalization/../../../../../usr/lib/vtk-5.10/VTKConfig.cmake">
          <Option virtualFolder="CMake Files\..\..\..\..\..\usr\lib\vtk-5.10\" />
      </Unit>
      <Unit filename="/space/tao/C/shenbo/normalization/../../../../../usr/lib/vtk-5.10/VTKConfig-Java.cmake">
          <Option virtualFolder="CMake Files\..\..\..\..\..\usr\lib\vtk-5.10\" />
      </Unit>
      <Unit filename="/space/tao/C/shenbo/normalization/../../../../../usr/lib/vtk-5.10/VTKConfig-Python.cmake">
          <Option virtualFolder="CMake Files\..\..\..\..\..\usr\lib\vtk-5.10\" />
      </Unit>
      <Unit filename="/space/tao/C/shenbo/normalization/../../../../../usr/lib/vtk-5.10/VTKConfig-Tcl.cmake">
          <Option virtualFolder="CMake Files\..\..\..\..\..\usr\lib\vtk-5.10\" />
      </Unit>
      <Unit filename="/space/tao/C/shenbo/normalization/../../../../../usr/lib/vtk-5.10/VTKConfigQt.cmake">
          <Option virtualFolder="CMake Files\..\..\..\..\..\usr\lib\vtk-5.10\" />
      </Unit>
      <Unit filename="/space/tao/C/shenbo/normalization/../../../../../usr/lib/vtk-5.10/VTKTargets.cmake">
          <Option virtualFolder="CMake Files\..\..\..\..\..\usr\lib\vtk-5.10\" />
      </Unit>
      <Unit filename="/space/tao/C/shenbo/normalization/../../../../../usr/lib/vtk-5.10/VTKTargets-release.cmake">
          <Option virtualFolder="CMake Files\..\..\..\..\..\usr\lib\vtk-5.10\" />
      </Unit>
   </Project>
</CodeBlocks_project_file>
